
Microsoft Visual Studio Solution File, Format Version 12.00
# Visual Studio Version 17
VisualStudioVersion = 17.5.33424.131
MinimumVisualStudioVersion = 10.0.40219.1
Project("{FAE04EC0-301F-11D3-BF4B-00C04F79EFBC}") = "ColVis", "ColVis.csproj", "{C33921DC-5778-4EEC-A2D0-E0AE522CC701}"
EndProject
Project("{FAE04EC0-301F-11D3-BF4B-00C04F79EFBC}") = "ColVisBW", "ColVisBW.csproj", "{5C6BABB4-4D89-4AF6-A24B-5B3B5FA2D74D}"
EndProject
Global
	GlobalSection(SolutionConfigurationPlatforms) = preSolution
		Debug|Any CPU = Debug|Any CPU
		Debug|x64 = Debug|x64
		Debug|x86 = Debug|x86
		Release|Any CPU = Release|Any CPU
		Release|x64 = Release|x64
		Release|x86 = Release|x86
	EndGlobalSection
	GlobalSection(ProjectConfigurationPlatforms) = postSolution
		{C33921DC-5778-4EEC-A2D0-E0AE522CC701}.Debug|Any CPU.ActiveCfg = Debug|Any CPU
		{C33921DC-5778-4EEC-A2D0-E0AE522CC701}.Debug|Any CPU.Build.0 = Debug|Any CPU
		{C33921DC-5778-4EEC-A2D0-E0AE522CC701}.Debug|x64.ActiveCfg = Debug|Any CPU
		{C33921DC-5778-4EEC-A2D0-E0AE522CC701}.Debug|x64.Build.0 = Debug|Any CPU
		{C33921DC-5778-4EEC-A2D0-E0AE522CC701}.Debug|x86.ActiveCfg = Debug|Any CPU
		{C33921DC-5778-4EEC-A2D0-E0AE522CC701}.Debug|x86.Build.0 = Debug|Any CPU
		{C33921DC-5778-4EEC-A2D0-E0AE522CC701}.Release|Any CPU.ActiveCfg = Release|Any CPU
		{C33921DC-5778-4EEC-A2D0-E0AE522CC701}.Release|Any CPU.Build.0 = Release|Any CPU
		{C33921DC-5778-4EEC-A2D0-E0AE522CC701}.Release|x64.ActiveCfg = Release|Any CPU
		{C33921DC-5778-4EEC-A2D0-E0AE522CC701}.Release|x64.Build.0 = Release|Any CPU
		{C33921DC-5778-4EEC-A2D0-E0AE522CC701}.Release|x86.ActiveCfg = Release|Any CPU
		{C33921DC-5778-4EEC-A2D0-E0AE522CC701}.Release|x86.Build.0 = Release|Any CPU
		{5C6BABB4-4D89-4AF6-A24B-5B3B5FA2D74D}.Debug|Any CPU.ActiveCfg = Debug|Any CPU
		{5C6BABB4-4D89-4AF6-A24B-5B3B5FA2D74D}.Debug|Any CPU.Build.0 = Debug|Any CPU
		{5C6BABB4-4D89-4AF6-A24B-5B3B5FA2D74D}.Debug|x64.ActiveCfg = Debug|Any CPU
		{5C6BABB4-4D89-4AF6-A24B-5B3B5FA2D74D}.Debug|x64.Build.0 = Debug|Any CPU
		{5C6BABB4-4D89-4AF6-A24B-5B3B5FA2D74D}.Debug|x86.ActiveCfg = Debug|Any CPU
		{5C6BABB4-4D89-4AF6-A24B-5B3B5FA2D74D}.Debug|x86.Build.0 = Debug|Any CPU
		{5C6BABB4-4D89-4AF6-A24B-5B3B5FA2D74D}.Release|Any CPU.ActiveCfg = Release|Any CPU
		{5C6BABB4-4D89-4AF6-A24B-5B3B5FA2D74D}.Release|Any CPU.Build.0 = Release|Any CPU
		{5C6BABB4-4D89-4AF6-A24B-5B3B5FA2D74D}.Release|x64.ActiveCfg = Release|Any CPU
		{5C6BABB4-4D89-4AF6-A24B-5B3B5FA2D74D}.Release|x64.Build.0 = Release|Any CPU
		{5C6BABB4-4D89-4AF6-A24B-5B3B5FA2D74D}.Release|x86.ActiveCfg = Release|Any CPU
		{5C6BABB4-4D89-4AF6-A24B-5B3B5FA2D74D}.Release|x86.Build.0 = Release|Any CPU
	EndGlobalSection
	GlobalSection(SolutionProperties) = preSolution
		HideSolutionNode = FALSE
	EndGlobalSection
	GlobalSection(ExtensibilityGlobals) = postSolution
		SolutionGuid = {B784EAA9-0C2A-4C8C-8156-DF4B5F75CF3F}
	EndGlobalSection
EndGlobal
